
Microsoft Visual Studio Solution File, Format Version 12.00
# Visual Studio Version 16
VisualStudioVersion = 16.0.29306.81
MinimumVisualStudioVersion = 10.0.40219.1
Project("{FAE04EC0-301F-11D3-BF4B-00C04F79EFBC}") = "DarkOrbit", "DarkOrbit.csproj", "{73A729CE-AA45-4A61-A633-46492024E454}"
EndProject
Global
	GlobalSection(SolutionConfigurationPlatforms) = preSolution
		Debug|Any CPU = Debug|Any CPU
		Release|Any CPU = Release|Any CPU
	EndGlobalSection
	GlobalSection(ProjectConfigurationPlatforms) = postSolution
		{73A729CE-AA45-4A61-A633-46492024E454}.Debug|Any CPU.ActiveCfg = Debug|Any CPU
		{73A729CE-AA45-4A61-A633-46492024E454}.Debug|Any CPU.Build.0 = Debug|Any CPU
		{73A729CE-AA45-4A61-A633-46492024E454}.Release|Any CPU.ActiveCfg = Release|Any CPU
		{73A729CE-AA45-4A61-A633-46492024E454}.Release|Any CPU.Build.0 = Release|Any CPU
	EndGlobalSection
	GlobalSection(SolutionProperties) = preSolution
		HideSolutionNode = FALSE
	EndGlobalSection
	GlobalSection(ExtensibilityGlobals) = postSolution
		SolutionGuid = {87E34C0D-ECEF-4EC0-8F41-FD3E0205FFDC}
	EndGlobalSection
EndGlobal
